// !$*UTF8*$!
{
	archiveVersion = 1;
	classes = {
	};
	objectVersion = 50;
	objects = {

/* Begin PBXBuildFile section */
		843CBEE125ADBD970026573B /* CoreDataBase.swift in Sources */ = {isa = PBXBuildFile; fileRef = 843CBEE025ADBD970026573B /* CoreDataBase.swift */; };
		846AB2C525AECE2A00D1FC27 /* RideDataTableCell.swift in Sources */ = {isa = PBXBuildFile; fileRef = 846AB2C325AECE2A00D1FC27 /* RideDataTableCell.swift */; };
		846AB2C625AECE2A00D1FC27 /* RideDataTableCell.xib in Resources */ = {isa = PBXBuildFile; fileRef = 846AB2C425AECE2A00D1FC27 /* RideDataTableCell.xib */; };
		846AB2CB25AED98900D1FC27 /* Date.swift in Sources */ = {isa = PBXBuildFile; fileRef = 846AB2CA25AED98900D1FC27 /* Date.swift */; };
		846AB2D025AEE41F00D1FC27 /* PopUpImageView.swift in Sources */ = {isa = PBXBuildFile; fileRef = 846AB2CF25AEE41F00D1FC27 /* PopUpImageView.swift */; };
		846AB2D525AEF18100D1FC27 /* PopUp.swift in Sources */ = {isa = PBXBuildFile; fileRef = 846AB2D425AEF18100D1FC27 /* PopUp.swift */; };
		846AB2DA25AEF3FF00D1FC27 /* SettingsViewModel.swift in Sources */ = {isa = PBXBuildFile; fileRef = 846AB2D925AEF3FF00D1FC27 /* SettingsViewModel.swift */; };
		8479B98225AC42B200E35F6E /* RideHistorySb.storyboard in Resources */ = {isa = PBXBuildFile; fileRef = 8479B98125AC42B200E35F6E /* RideHistorySb.storyboard */; };
		8479B98725AC43B900E35F6E /* SettingsSb.storyboard in Resources */ = {isa = PBXBuildFile; fileRef = 8479B98625AC43B900E35F6E /* SettingsSb.storyboard */; };
		8479B98C25AC444700E35F6E /* CreateRideSB.storyboard in Resources */ = {isa = PBXBuildFile; fileRef = 8479B98B25AC444700E35F6E /* CreateRideSB.storyboard */; };
		8479B99225AC4C5300E35F6E /* TabBarController.swift in Sources */ = {isa = PBXBuildFile; fileRef = 8479B99125AC4C5300E35F6E /* TabBarController.swift */; };
		8479B99725AC504800E35F6E /* Color.swift in Sources */ = {isa = PBXBuildFile; fileRef = 8479B99625AC504800E35F6E /* Color.swift */; };
		8479B99C25AC50EB00E35F6E /* UIView.swift in Sources */ = {isa = PBXBuildFile; fileRef = 8479B99B25AC50EB00E35F6E /* UIView.swift */; };
		8479B9A225AC561400E35F6E /* MapKit.framework in Frameworks */ = {isa = PBXBuildFile; fileRef = 8479B9A125AC561400E35F6E /* MapKit.framework */; };
		8479B9A825AC57CD00E35F6E /* MapKitViewModel.swift in Sources */ = {isa = PBXBuildFile; fileRef = 8479B9A725AC57CD00E35F6E /* MapKitViewModel.swift */; };
		8479B9B025AC6AD200E35F6E /* UIViewController.swift in Sources */ = {isa = PBXBuildFile; fileRef = 8479B9AF25AC6AD200E35F6E /* UIViewController.swift */; };
		8479B9B625AC85D700E35F6E /* RideDataCell.swift in Sources */ = {isa = PBXBuildFile; fileRef = 8479B9B525AC85D700E35F6E /* RideDataCell.swift */; };
		8479B9BE25AC86CC00E35F6E /* UICollectionView.swift in Sources */ = {isa = PBXBuildFile; fileRef = 8479B9BD25AC86CC00E35F6E /* UICollectionView.swift */; };
		8479B9C325AC870100E35F6E /* UICollectionViewCell.swift in Sources */ = {isa = PBXBuildFile; fileRef = 8479B9C225AC870100E35F6E /* UICollectionViewCell.swift */; };
		8479B9D325ACAF6400E35F6E /* TimeInterval.swift in Sources */ = {isa = PBXBuildFile; fileRef = 8479B9D225ACAF6400E35F6E /* TimeInterval.swift */; };
		847A746425AB1EC000EF82D9 /* AppDelegate.swift in Sources */ = {isa = PBXBuildFile; fileRef = 847A746325AB1EC000EF82D9 /* AppDelegate.swift */; };
		847A746625AB1EC000EF82D9 /* SceneDelegate.swift in Sources */ = {isa = PBXBuildFile; fileRef = 847A746525AB1EC000EF82D9 /* SceneDelegate.swift */; };
		847A746825AB1EC000EF82D9 /* ViewController.swift in Sources */ = {isa = PBXBuildFile; fileRef = 847A746725AB1EC000EF82D9 /* ViewController.swift */; };
		847A746B25AB1EC000EF82D9 /* Main.storyboard in Resources */ = {isa = PBXBuildFile; fileRef = 847A746925AB1EC000EF82D9 /* Main.storyboard */; };
		847A746E25AB1EC000EF82D9 /* iSpeedo.xcdatamodeld in Sources */ = {isa = PBXBuildFile; fileRef = 847A746C25AB1EC000EF82D9 /* iSpeedo.xcdatamodeld */; };
		847A747025AB1EC200EF82D9 /* Assets.xcassets in Resources */ = {isa = PBXBuildFile; fileRef = 847A746F25AB1EC200EF82D9 /* Assets.xcassets */; };
		847A747325AB1EC200EF82D9 /* LaunchScreen.storyboard in Resources */ = {isa = PBXBuildFile; fileRef = 847A747125AB1EC200EF82D9 /* LaunchScreen.storyboard */; };
		847A747E25AB1EC200EF82D9 /* iSpeedoTests.swift in Sources */ = {isa = PBXBuildFile; fileRef = 847A747D25AB1EC200EF82D9 /* iSpeedoTests.swift */; };
		847A748925AB1EC200EF82D9 /* iSpeedoUITests.swift in Sources */ = {isa = PBXBuildFile; fileRef = 847A748825AB1EC200EF82D9 /* iSpeedoUITests.swift */; };
		84843E6325AC3D390073763C /* RidesVc.swift in Sources */ = {isa = PBXBuildFile; fileRef = 84843E6225AC3D390073763C /* RidesVc.swift */; };
		84843E6D25AC3DD80073763C /* CreateRideVC.swift in Sources */ = {isa = PBXBuildFile; fileRef = 84843E6C25AC3DD80073763C /* CreateRideVC.swift */; };
		84843E7225AC3DE70073763C /* SettingVC.swift in Sources */ = {isa = PBXBuildFile; fileRef = 84843E7125AC3DE70073763C /* SettingVC.swift */; };
		84E38CA025AE0DB200EF3454 /* RideVCViewModel.swift in Sources */ = {isa = PBXBuildFile; fileRef = 84E38C9F25AE0DB200EF3454 /* RideVCViewModel.swift */; };
		84E38CAA25AE169400EF3454 /* UITableViewCell.swift in Sources */ = {isa = PBXBuildFile; fileRef = 84E38CA925AE169400EF3454 /* UITableViewCell.swift */; };
		84E38CAF25AE16C800EF3454 /* UITableView.swift in Sources */ = {isa = PBXBuildFile; fileRef = 84E38CAE25AE16C800EF3454 /* UITableView.swift */; };
/* End PBXBuildFile section */

/* Begin PBXContainerItemProxy section */
		847A747A25AB1EC200EF82D9 /* PBXContainerItemProxy */ = {
			isa = PBXContainerItemProxy;
			containerPortal = 847A745825AB1EC000EF82D9 /* Project object */;
			proxyType = 1;
			remoteGlobalIDString = 847A745F25AB1EC000EF82D9;
			remoteInfo = iSpeedo;
		};
		847A748525AB1EC200EF82D9 /* PBXContainerItemProxy */ = {
			isa = PBXContainerItemProxy;
			containerPortal = 847A745825AB1EC000EF82D9 /* Project object */;
			proxyType = 1;
			remoteGlobalIDString = 847A745F25AB1EC000EF82D9;
			remoteInfo = iSpeedo;
		};
/* End PBXContainerItemProxy section */

/* Begin PBXFileReference section */
		843CBEE025ADBD970026573B /* CoreDataBase.swift */ = {isa = PBXFileReference; lastKnownFileType = sourcecode.swift; path = CoreDataBase.swift; sourceTree = "<group>"; };
		846AB2C325AECE2A00D1FC27 /* RideDataTableCell.swift */ = {isa = PBXFileReference; lastKnownFileType = sourcecode.swift; path = RideDataTableCell.swift; sourceTree = "<group>"; };
		846AB2C425AECE2A00D1FC27 /* RideDataTableCell.xib */ = {isa = PBXFileReference; lastKnownFileType = file.xib; path = RideDataTableCell.xib; sourceTree = "<group>"; };
		846AB2CA25AED98900D1FC27 /* Date.swift */ = {isa = PBXFileReference; lastKnownFileType = sourcecode.swift; path = Date.swift; sourceTree = "<group>"; };
		846AB2CF25AEE41F00D1FC27 /* PopUpImageView.swift */ = {isa = PBXFileReference; lastKnownFileType = sourcecode.swift; path = PopUpImageView.swift; sourceTree = "<group>"; };
		846AB2D425AEF18100D1FC27 /* PopUp.swift */ = {isa = PBXFileReference; lastKnownFileType = sourcecode.swift; path = PopUp.swift; sourceTree = "<group>"; };
		846AB2D925AEF3FF00D1FC27 /* SettingsViewModel.swift */ = {isa = PBXFileReference; lastKnownFileType = sourcecode.swift; path = SettingsViewModel.swift; sourceTree = "<group>"; };
		8479B98125AC42B200E35F6E /* RideHistorySb.storyboard */ = {isa = PBXFileReference; lastKnownFileType = file.storyboard; path = RideHistorySb.storyboard; sourceTree = "<group>"; };
		8479B98625AC43B900E35F6E /* SettingsSb.storyboard */ = {isa = PBXFileReference; lastKnownFileType = file.storyboard; path = SettingsSb.storyboard; sourceTree = "<group>"; };
		8479B98B25AC444700E35F6E /* CreateRideSB.storyboard */ = {isa = PBXFileReference; lastKnownFileType = file.storyboard; path = CreateRideSB.storyboard; sourceTree = "<group>"; };
		8479B99125AC4C5300E35F6E /* TabBarController.swift */ = {isa = PBXFileReference; lastKnownFileType = sourcecode.swift; path = TabBarController.swift; sourceTree = "<group>"; };
		8479B99625AC504800E35F6E /* Color.swift */ = {isa = PBXFileReference; lastKnownFileType = sourcecode.swift; path = Color.swift; sourceTree = "<group>"; };
		8479B99B25AC50EB00E35F6E /* UIView.swift */ = {isa = PBXFileReference; lastKnownFileType = sourcecode.swift; path = UIView.swift; sourceTree = "<group>"; };
		8479B9A125AC561400E35F6E /* MapKit.framework */ = {isa = PBXFileReference; lastKnownFileType = wrapper.framework; name = MapKit.framework; path = System/Library/Frameworks/MapKit.framework; sourceTree = SDKROOT; };
		8479B9A725AC57CD00E35F6E /* MapKitViewModel.swift */ = {isa = PBXFileReference; lastKnownFileType = sourcecode.swift; path = MapKitViewModel.swift; sourceTree = "<group>"; };
		8479B9AF25AC6AD200E35F6E /* UIViewController.swift */ = {isa = PBXFileReference; lastKnownFileType = sourcecode.swift; path = UIViewController.swift; sourceTree = "<group>"; };
		8479B9B525AC85D700E35F6E /* RideDataCell.swift */ = {isa = PBXFileReference; lastKnownFileType = sourcecode.swift; path = RideDataCell.swift; sourceTree = "<group>"; };
		8479B9BD25AC86CC00E35F6E /* UICollectionView.swift */ = {isa = PBXFileReference; lastKnownFileType = sourcecode.swift; path = UICollectionView.swift; sourceTree = "<group>"; };
		8479B9C225AC870100E35F6E /* UICollectionViewCell.swift */ = {isa = PBXFileReference; lastKnownFileType = sourcecode.swift; path = UICollectionViewCell.swift; sourceTree = "<group>"; };
		8479B9D225ACAF6400E35F6E /* TimeInterval.swift */ = {isa = PBXFileReference; lastKnownFileType = sourcecode.swift; path = TimeInterval.swift; sourceTree = "<group>"; };
		847A746025AB1EC000EF82D9 /* iSpeedo.app */ = {isa = PBXFileReference; explicitFileType = wrapper.application; includeInIndex = 0; path = iSpeedo.app; sourceTree = BUILT_PRODUCTS_DIR; };
		847A746325AB1EC000EF82D9 /* AppDelegate.swift */ = {isa = PBXFileReference; lastKnownFileType = sourcecode.swift; path = AppDelegate.swift; sourceTree = "<group>"; };
		847A746525AB1EC000EF82D9 /* SceneDelegate.swift */ = {isa = PBXFileReference; lastKnownFileType = sourcecode.swift; path = SceneDelegate.swift; sourceTree = "<group>"; };
		847A746725AB1EC000EF82D9 /* ViewController.swift */ = {isa = PBXFileReference; lastKnownFileType = sourcecode.swift; path = ViewController.swift; sourceTree = "<group>"; };
		847A746A25AB1EC000EF82D9 /* Base */ = {isa = PBXFileReference; lastKnownFileType = file.storyboard; name = Base; path = Base.lproj/Main.storyboard; sourceTree = "<group>"; };
		847A746D25AB1EC000EF82D9 /* iSpeedo.xcdatamodel */ = {isa = PBXFileReference; lastKnownFileType = wrapper.xcdatamodel; path = iSpeedo.xcdatamodel; sourceTree = "<group>"; };
		847A746F25AB1EC200EF82D9 /* Assets.xcassets */ = {isa = PBXFileReference; lastKnownFileType = folder.assetcatalog; path = Assets.xcassets; sourceTree = "<group>"; };
		847A747225AB1EC200EF82D9 /* Base */ = {isa = PBXFileReference; lastKnownFileType = file.storyboard; name = Base; path = Base.lproj/LaunchScreen.storyboard; sourceTree = "<group>"; };
		847A747425AB1EC200EF82D9 /* Info.plist */ = {isa = PBXFileReference; lastKnownFileType = text.plist.xml; path = Info.plist; sourceTree = "<group>"; };
		847A747925AB1EC200EF82D9 /* iSpeedoTests.xctest */ = {isa = PBXFileReference; explicitFileType = wrapper.cfbundle; includeInIndex = 0; path = iSpeedoTests.xctest; sourceTree = BUILT_PRODUCTS_DIR; };
		847A747D25AB1EC200EF82D9 /* iSpeedoTests.swift */ = {isa = PBXFileReference; lastKnownFileType = sourcecode.swift; path = iSpeedoTests.swift; sourceTree = "<group>"; };
		847A747F25AB1EC200EF82D9 /* Info.plist */ = {isa = PBXFileReference; lastKnownFileType = text.plist.xml; path = Info.plist; sourceTree = "<group>"; };
		847A748425AB1EC200EF82D9 /* iSpeedoUITests.xctest */ = {isa = PBXFileReference; explicitFileType = wrapper.cfbundle; includeInIndex = 0; path = iSpeedoUITests.xctest; sourceTree = BUILT_PRODUCTS_DIR; };
		847A748825AB1EC200EF82D9 /* iSpeedoUITests.swift */ = {isa = PBXFileReference; lastKnownFileType = sourcecode.swift; path = iSpeedoUITests.swift; sourceTree = "<group>"; };
		847A748A25AB1EC200EF82D9 /* Info.plist */ = {isa = PBXFileReference; lastKnownFileType = text.plist.xml; path = Info.plist; sourceTree = "<group>"; };
		84843E6225AC3D390073763C /* RidesVc.swift */ = {isa = PBXFileReference; lastKnownFileType = sourcecode.swift; path = RidesVc.swift; sourceTree = "<group>"; };
		84843E6C25AC3DD80073763C /* CreateRideVC.swift */ = {isa = PBXFileReference; lastKnownFileType = sourcecode.swift; path = CreateRideVC.swift; sourceTree = "<group>"; };
		84843E7125AC3DE70073763C /* SettingVC.swift */ = {isa = PBXFileReference; lastKnownFileType = sourcecode.swift; path = SettingVC.swift; sourceTree = "<group>"; };
		84E38C9F25AE0DB200EF3454 /* RideVCViewModel.swift */ = {isa = PBXFileReference; lastKnownFileType = sourcecode.swift; path = RideVCViewModel.swift; sourceTree = "<group>"; };
		84E38CA925AE169400EF3454 /* UITableViewCell.swift */ = {isa = PBXFileReference; lastKnownFileType = sourcecode.swift; path = UITableViewCell.swift; sourceTree = "<group>"; };
		84E38CAE25AE16C800EF3454 /* UITableView.swift */ = {isa = PBXFileReference; lastKnownFileType = sourcecode.swift; path = UITableView.swift; sourceTree = "<group>"; };
/* End PBXFileReference section */

/* Begin PBXFrameworksBuildPhase section */
		847A745D25AB1EC000EF82D9 /* Frameworks */ = {
			isa = PBXFrameworksBuildPhase;
			buildActionMask = 2147483647;
			files = (
				8479B9A225AC561400E35F6E /* MapKit.framework in Frameworks */,
			);
			runOnlyForDeploymentPostprocessing = 0;
		};
		847A747625AB1EC200EF82D9 /* Frameworks */ = {
			isa = PBXFrameworksBuildPhase;
			buildActionMask = 2147483647;
			files = (
			);
			runOnlyForDeploymentPostprocessing = 0;
		};
		847A748125AB1EC200EF82D9 /* Frameworks */ = {
			isa = PBXFrameworksBuildPhase;
			buildActionMask = 2147483647;
			files = (
			);
			runOnlyForDeploymentPostprocessing = 0;
		};
/* End PBXFrameworksBuildPhase section */

/* Begin PBXGroup section */
		843CBEDF25ADBD840026573B /* CoreDataBase */ = {
			isa = PBXGroup;
			children = (
				843CBEE025ADBD970026573B /* CoreDataBase.swift */,
			);
			path = CoreDataBase;
			sourceTree = "<group>";
		};
		8479B99025AC4C3A00E35F6E /* BaseClasses */ = {
			isa = PBXGroup;
			children = (
				8479B99125AC4C5300E35F6E /* TabBarController.swift */,
				846AB2CF25AEE41F00D1FC27 /* PopUpImageView.swift */,
				846AB2D425AEF18100D1FC27 /* PopUp.swift */,
			);
			path = BaseClasses;
			sourceTree = "<group>";
		};
		8479B9A025AC561400E35F6E /* Frameworks */ = {
			isa = PBXGroup;
			children = (
				8479B9A125AC561400E35F6E /* MapKit.framework */,
			);
			name = Frameworks;
			sourceTree = "<group>";
		};
		8479B9A625AC57BF00E35F6E /* ViewModels */ = {
			isa = PBXGroup;
			children = (
				8479B9A725AC57CD00E35F6E /* MapKitViewModel.swift */,
			);
			path = ViewModels;
			sourceTree = "<group>";
		};
		8479B9B425AC859F00E35F6E /* CollectionViewCells */ = {
			isa = PBXGroup;
			children = (
				8479B9B525AC85D700E35F6E /* RideDataCell.swift */,
			);
			path = CollectionViewCells;
			sourceTree = "<group>";
		};
		847A745725AB1EC000EF82D9 = {
			isa = PBXGroup;
			children = (
				847A746225AB1EC000EF82D9 /* iSpeedo */,
				847A747C25AB1EC200EF82D9 /* iSpeedoTests */,
				847A748725AB1EC200EF82D9 /* iSpeedoUITests */,
				847A746125AB1EC000EF82D9 /* Products */,
				8479B9A025AC561400E35F6E /* Frameworks */,
			);
			sourceTree = "<group>";
		};
		847A746125AB1EC000EF82D9 /* Products */ = {
			isa = PBXGroup;
			children = (
				847A746025AB1EC000EF82D9 /* iSpeedo.app */,
				847A747925AB1EC200EF82D9 /* iSpeedoTests.xctest */,
				847A748425AB1EC200EF82D9 /* iSpeedoUITests.xctest */,
			);
			name = Products;
			sourceTree = "<group>";
		};
		847A746225AB1EC000EF82D9 /* iSpeedo */ = {
			isa = PBXGroup;
			children = (
				847A746325AB1EC000EF82D9 /* AppDelegate.swift */,
				847A746525AB1EC000EF82D9 /* SceneDelegate.swift */,
				847A746725AB1EC000EF82D9 /* ViewController.swift */,
				843CBEDF25ADBD840026573B /* CoreDataBase */,
				8479B99025AC4C3A00E35F6E /* BaseClasses */,
				84843E7625AC3DFA0073763C /* Extensions */,
				84843E5525AC3CF10073763C /* Screens */,
				84843E5125AC3CC30073763C /* Storyboards */,
				847A746F25AB1EC200EF82D9 /* Assets.xcassets */,
				847A747125AB1EC200EF82D9 /* LaunchScreen.storyboard */,
				847A747425AB1EC200EF82D9 /* Info.plist */,
				847A746C25AB1EC000EF82D9 /* iSpeedo.xcdatamodeld */,
			);
			path = iSpeedo;
			sourceTree = "<group>";
		};
		847A747C25AB1EC200EF82D9 /* iSpeedoTests */ = {
			isa = PBXGroup;
			children = (
				847A747D25AB1EC200EF82D9 /* iSpeedoTests.swift */,
				847A747F25AB1EC200EF82D9 /* Info.plist */,
			);
			path = iSpeedoTests;
			sourceTree = "<group>";
		};
		847A748725AB1EC200EF82D9 /* iSpeedoUITests */ = {
			isa = PBXGroup;
			children = (
				847A748825AB1EC200EF82D9 /* iSpeedoUITests.swift */,
				847A748A25AB1EC200EF82D9 /* Info.plist */,
			);
			path = iSpeedoUITests;
			sourceTree = "<group>";
		};
		84843E5125AC3CC30073763C /* Storyboards */ = {
			isa = PBXGroup;
			children = (
				847A746925AB1EC000EF82D9 /* Main.storyboard */,
				8479B98125AC42B200E35F6E /* RideHistorySb.storyboard */,
				8479B98625AC43B900E35F6E /* SettingsSb.storyboard */,
				8479B98B25AC444700E35F6E /* CreateRideSB.storyboard */,
			);
			path = Storyboards;
			sourceTree = "<group>";
		};
		84843E5525AC3CF10073763C /* Screens */ = {
			isa = PBXGroup;
			children = (
				84843E5E25AC3D190073763C /* Rides */,
				84843E6A25AC3D9A0073763C /* CreateRide */,
				84843E6B25AC3DA30073763C /* Settings */,
			);
			path = Screens;
			sourceTree = "<group>";
		};
		84843E5E25AC3D190073763C /* Rides */ = {
			isa = PBXGroup;
			children = (
				84843E6225AC3D390073763C /* RidesVc.swift */,
				846AB2C325AECE2A00D1FC27 /* RideDataTableCell.swift */,
				846AB2C425AECE2A00D1FC27 /* RideDataTableCell.xib */,
				84E38C9F25AE0DB200EF3454 /* RideVCViewModel.swift */,
			);
			path = Rides;
			sourceTree = "<group>";
		};
		84843E6A25AC3D9A0073763C /* CreateRide */ = {
			isa = PBXGroup;
			children = (
				8479B9B425AC859F00E35F6E /* CollectionViewCells */,
				8479B9A625AC57BF00E35F6E /* ViewModels */,
				84843E6C25AC3DD80073763C /* CreateRideVC.swift */,
			);
			path = CreateRide;
			sourceTree = "<group>";
		};
		84843E6B25AC3DA30073763C /* Settings */ = {
			isa = PBXGroup;
			children = (
				84843E7125AC3DE70073763C /* SettingVC.swift */,
				846AB2D925AEF3FF00D1FC27 /* SettingsViewModel.swift */,
			);
			path = Settings;
			sourceTree = "<group>";
		};
		84843E7625AC3DFA0073763C /* Extensions */ = {
			isa = PBXGroup;
			children = (
				8479B99625AC504800E35F6E /* Color.swift */,
				8479B9D225ACAF6400E35F6E /* TimeInterval.swift */,
				8479B9AF25AC6AD200E35F6E /* UIViewController.swift */,
				8479B99B25AC50EB00E35F6E /* UIView.swift */,
				846AB2CA25AED98900D1FC27 /* Date.swift */,
				8479B9BD25AC86CC00E35F6E /* UICollectionView.swift */,
				8479B9C225AC870100E35F6E /* UICollectionViewCell.swift */,
				84E38CA925AE169400EF3454 /* UITableViewCell.swift */,
				84E38CAE25AE16C800EF3454 /* UITableView.swift */,
			);
			path = Extensions;
			sourceTree = "<group>";
		};
/* End PBXGroup section */

/* Begin PBXNativeTarget section */
		847A745F25AB1EC000EF82D9 /* iSpeedo */ = {
			isa = PBXNativeTarget;
			buildConfigurationList = 847A748D25AB1EC200EF82D9 /* Build configuration list for PBXNativeTarget "iSpeedo" */;
			buildPhases = (
				847A745C25AB1EC000EF82D9 /* Sources */,
				847A745D25AB1EC000EF82D9 /* Frameworks */,
				847A745E25AB1EC000EF82D9 /* Resources */,
			);
			buildRules = (
			);
			dependencies = (
			);
			name = iSpeedo;
			productName = iSpeedo;
			productReference = 847A746025AB1EC000EF82D9 /* iSpeedo.app */;
			productType = "com.apple.product-type.application";
		};
		847A747825AB1EC200EF82D9 /* iSpeedoTests */ = {
			isa = PBXNativeTarget;
			buildConfigurationList = 847A749025AB1EC200EF82D9 /* Build configuration list for PBXNativeTarget "iSpeedoTests" */;
			buildPhases = (
				847A747525AB1EC200EF82D9 /* Sources */,
				847A747625AB1EC200EF82D9 /* Frameworks */,
				847A747725AB1EC200EF82D9 /* Resources */,
			);
			buildRules = (
			);
			dependencies = (
				847A747B25AB1EC200EF82D9 /* PBXTargetDependency */,
			);
			name = iSpeedoTests;
			productName = iSpeedoTests;
			productReference = 847A747925AB1EC200EF82D9 /* iSpeedoTests.xctest */;
			productType = "com.apple.product-type.bundle.unit-test";
		};
		847A748325AB1EC200EF82D9 /* iSpeedoUITests */ = {
			isa = PBXNativeTarget;
			buildConfigurationList = 847A749325AB1EC200EF82D9 /* Build configuration list for PBXNativeTarget "iSpeedoUITests" */;
			buildPhases = (
				847A748025AB1EC200EF82D9 /* Sources */,
				847A748125AB1EC200EF82D9 /* Frameworks */,
				847A748225AB1EC200EF82D9 /* Resources */,
			);
			buildRules = (
			);
			dependencies = (
				847A748625AB1EC200EF82D9 /* PBXTargetDependency */,
			);
			name = iSpeedoUITests;
			productName = iSpeedoUITests;
			productReference = 847A748425AB1EC200EF82D9 /* iSpeedoUITests.xctest */;
			productType = "com.apple.product-type.bundle.ui-testing";
		};
/* End PBXNativeTarget section */

/* Begin PBXProject section */
		847A745825AB1EC000EF82D9 /* Project object */ = {
			isa = PBXProject;
			attributes = {
				LastSwiftUpdateCheck = 1230;
				LastUpgradeCheck = 1230;
				TargetAttributes = {
					847A745F25AB1EC000EF82D9 = {
						CreatedOnToolsVersion = 12.3;
					};
					847A747825AB1EC200EF82D9 = {
						CreatedOnToolsVersion = 12.3;
						TestTargetID = 847A745F25AB1EC000EF82D9;
					};
					847A748325AB1EC200EF82D9 = {
						CreatedOnToolsVersion = 12.3;
						TestTargetID = 847A745F25AB1EC000EF82D9;
					};
				};
			};
			buildConfigurationList = 847A745B25AB1EC000EF82D9 /* Build configuration list for PBXProject "iSpeedo" */;
			compatibilityVersion = "Xcode 9.3";
			developmentRegion = en;
			hasScannedForEncodings = 0;
			knownRegions = (
				en,
				Base,
			);
			mainGroup = 847A745725AB1EC000EF82D9;
			productRefGroup = 847A746125AB1EC000EF82D9 /* Products */;
			projectDirPath = "";
			projectRoot = "";
			targets = (
				847A745F25AB1EC000EF82D9 /* iSpeedo */,
				847A747825AB1EC200EF82D9 /* iSpeedoTests */,
				847A748325AB1EC200EF82D9 /* iSpeedoUITests */,
			);
		};
/* End PBXProject section */

/* Begin PBXResourcesBuildPhase section */
		847A745E25AB1EC000EF82D9 /* Resources */ = {
			isa = PBXResourcesBuildPhase;
			buildActionMask = 2147483647;
			files = (
				847A747325AB1EC200EF82D9 /* LaunchScreen.storyboard in Resources */,
				847A747025AB1EC200EF82D9 /* Assets.xcassets in Resources */,
				8479B98725AC43B900E35F6E /* SettingsSb.storyboard in Resources */,
				846AB2C625AECE2A00D1FC27 /* RideDataTableCell.xib in Resources */,
				8479B98225AC42B200E35F6E /* RideHistorySb.storyboard in Resources */,
				847A746B25AB1EC000EF82D9 /* Main.storyboard in Resources */,
				8479B98C25AC444700E35F6E /* CreateRideSB.storyboard in Resources */,
			);
			runOnlyForDeploymentPostprocessing = 0;
		};
		847A747725AB1EC200EF82D9 /* Resources */ = {
			isa = PBXResourcesBuildPhase;
			buildActionMask = 2147483647;
			files = (
			);
			runOnlyForDeploymentPostprocessing = 0;
		};
		847A748225AB1EC200EF82D9 /* Resources */ = {
			isa = PBXResourcesBuildPhase;
			buildActionMask = 2147483647;
			files = (
			);
			runOnlyForDeploymentPostprocessing = 0;
		};
/* End PBXResourcesBuildPhase section */

/* Begin PBXSourcesBuildPhase section */
		847A745C25AB1EC000EF82D9 /* Sources */ = {
			isa = PBXSourcesBuildPhase;
			buildActionMask = 2147483647;
			files = (
				8479B99C25AC50EB00E35F6E /* UIView.swift in Sources */,
				8479B9D325ACAF6400E35F6E /* TimeInterval.swift in Sources */,
				84843E6D25AC3DD80073763C /* CreateRideVC.swift in Sources */,
				8479B9C325AC870100E35F6E /* UICollectionViewCell.swift in Sources */,
				843CBEE125ADBD970026573B /* CoreDataBase.swift in Sources */,
				84E38CAA25AE169400EF3454 /* UITableViewCell.swift in Sources */,
				8479B9BE25AC86CC00E35F6E /* UICollectionView.swift in Sources */,
				8479B9B025AC6AD200E35F6E /* UIViewController.swift in Sources */,
				846AB2C525AECE2A00D1FC27 /* RideDataTableCell.swift in Sources */,
				8479B99225AC4C5300E35F6E /* TabBarController.swift in Sources */,
				846AB2DA25AEF3FF00D1FC27 /* SettingsViewModel.swift in Sources */,
				846AB2D525AEF18100D1FC27 /* PopUp.swift in Sources */,
				84843E7225AC3DE70073763C /* SettingVC.swift in Sources */,
				847A746825AB1EC000EF82D9 /* ViewController.swift in Sources */,
				847A746E25AB1EC000EF82D9 /* iSpeedo.xcdatamodeld in Sources */,
				8479B9A825AC57CD00E35F6E /* MapKitViewModel.swift in Sources */,
				847A746425AB1EC000EF82D9 /* AppDelegate.swift in Sources */,
				84843E6325AC3D390073763C /* RidesVc.swift in Sources */,
				8479B9B625AC85D700E35F6E /* RideDataCell.swift in Sources */,
				846AB2D025AEE41F00D1FC27 /* PopUpImageView.swift in Sources */,
				84E38CA025AE0DB200EF3454 /* RideVCViewModel.swift in Sources */,
				847A746625AB1EC000EF82D9 /* SceneDelegate.swift in Sources */,
				846AB2CB25AED98900D1FC27 /* Date.swift in Sources */,
				8479B99725AC504800E35F6E /* Color.swift in Sources */,
				84E38CAF25AE16C800EF3454 /* UITableView.swift in Sources */,
			);
			runOnlyForDeploymentPostprocessing = 0;
		};
		847A747525AB1EC200EF82D9 /* Sources */ = {
			isa = PBXSourcesBuildPhase;
			buildActionMask = 2147483647;
			files = (
				847A747E25AB1EC200EF82D9 /* iSpeedoTests.swift in Sources */,
			);
			runOnlyForDeploymentPostprocessing = 0;
		};
		847A748025AB1EC200EF82D9 /* Sources */ = {
			isa = PBXSourcesBuildPhase;
			buildActionMask = 2147483647;
			files = (
				847A748925AB1EC200EF82D9 /* iSpeedoUITests.swift in Sources */,
			);
			runOnlyForDeploymentPostprocessing = 0;
		};
/* End PBXSourcesBuildPhase section */

/* Begin PBXTargetDependency section */
		847A747B25AB1EC200EF82D9 /* PBXTargetDependency */ = {
			isa = PBXTargetDependency;
			target = 847A745F25AB1EC000EF82D9 /* iSpeedo */;
			targetProxy = 847A747A25AB1EC200EF82D9 /* PBXContainerItemProxy */;
		};
		847A748625AB1EC200EF82D9 /* PBXTargetDependency */ = {
			isa = PBXTargetDependency;
			target = 847A745F25AB1EC000EF82D9 /* iSpeedo */;
			targetProxy = 847A748525AB1EC200EF82D9 /* PBXContainerItemProxy */;
		};
/* End PBXTargetDependency section */

/* Begin PBXVariantGroup section */
		847A746925AB1EC000EF82D9 /* Main.storyboard */ = {
			isa = PBXVariantGroup;
			children = (
				847A746A25AB1EC000EF82D9 /* Base */,
			);
			name = Main.storyboard;
			sourceTree = "<group>";
		};
		847A747125AB1EC200EF82D9 /* LaunchScreen.storyboard */ = {
			isa = PBXVariantGroup;
			children = (
				847A747225AB1EC200EF82D9 /* Base */,
			);
			name = LaunchScreen.storyboard;
			sourceTree = "<group>";
		};
/* End PBXVariantGroup section */

/* Begin XCBuildConfiguration section */
		847A748B25AB1EC200EF82D9 /* Debug */ = {
			isa = XCBuildConfiguration;
			buildSettings = {
				ALWAYS_SEARCH_USER_PATHS = NO;
				CLANG_ANALYZER_NONNULL = YES;
				CLANG_ANALYZER_NUMBER_OBJECT_CONVERSION = YES_AGGRESSIVE;
				CLANG_CXX_LANGUAGE_STANDARD = "gnu++14";
				CLANG_CXX_LIBRARY = "libc++";
				CLANG_ENABLE_MODULES = YES;
				CLANG_ENABLE_OBJC_ARC = YES;
				CLANG_ENABLE_OBJC_WEAK = YES;
				CLANG_WARN_BLOCK_CAPTURE_AUTORELEASING = YES;
				CLANG_WARN_BOOL_CONVERSION = YES;
				CLANG_WARN_COMMA = YES;
				CLANG_WARN_CONSTANT_CONVERSION = YES;
				CLANG_WARN_DEPRECATED_OBJC_IMPLEMENTATIONS = YES;
				CLANG_WARN_DIRECT_OBJC_ISA_USAGE = YES_ERROR;
				CLANG_WARN_DOCUMENTATION_COMMENTS = YES;
				CLANG_WARN_EMPTY_BODY = YES;
				CLANG_WARN_ENUM_CONVERSION = YES;
				CLANG_WARN_INFINITE_RECURSION = YES;
				CLANG_WARN_INT_CONVERSION = YES;
				CLANG_WARN_NON_LITERAL_NULL_CONVERSION = YES;
				CLANG_WARN_OBJC_IMPLICIT_RETAIN_SELF = YES;
				CLANG_WARN_OBJC_LITERAL_CONVERSION = YES;
				CLANG_WARN_OBJC_ROOT_CLASS = YES_ERROR;
				CLANG_WARN_QUOTED_INCLUDE_IN_FRAMEWORK_HEADER = YES;
				CLANG_WARN_RANGE_LOOP_ANALYSIS = YES;
				CLANG_WARN_STRICT_PROTOTYPES = YES;
				CLANG_WARN_SUSPICIOUS_MOVE = YES;
				CLANG_WARN_UNGUARDED_AVAILABILITY = YES_AGGRESSIVE;
				CLANG_WARN_UNREACHABLE_CODE = YES;
				CLANG_WARN__DUPLICATE_METHOD_MATCH = YES;
				COPY_PHASE_STRIP = NO;
				DEBUG_INFORMATION_FORMAT = dwarf;
				ENABLE_STRICT_OBJC_MSGSEND = YES;
				ENABLE_TESTABILITY = YES;
				GCC_C_LANGUAGE_STANDARD = gnu11;
				GCC_DYNAMIC_NO_PIC = NO;
				GCC_NO_COMMON_BLOCKS = YES;
				GCC_OPTIMIZATION_LEVEL = 0;
				GCC_PREPROCESSOR_DEFINITIONS = (
					"DEBUG=1",
					"$(inherited)",
				);
				GCC_WARN_64_TO_32_BIT_CONVERSION = YES;
				GCC_WARN_ABOUT_RETURN_TYPE = YES_ERROR;
				GCC_WARN_UNDECLARED_SELECTOR = YES;
				GCC_WARN_UNINITIALIZED_AUTOS = YES_AGGRESSIVE;
				GCC_WARN_UNUSED_FUNCTION = YES;
				GCC_WARN_UNUSED_VARIABLE = YES;
				IPHONEOS_DEPLOYMENT_TARGET = 14.3;
				MTL_ENABLE_DEBUG_INFO = INCLUDE_SOURCE;
				MTL_FAST_MATH = YES;
				ONLY_ACTIVE_ARCH = YES;
				SDKROOT = iphoneos;
				SWIFT_ACTIVE_COMPILATION_CONDITIONS = DEBUG;
				SWIFT_OPTIMIZATION_LEVEL = "-Onone";
			};
			name = Debug;
		};
		847A748C25AB1EC200EF82D9 /* Release */ = {
			isa = XCBuildConfiguration;
			buildSettings = {
				ALWAYS_SEARCH_USER_PATHS = NO;
				CLANG_ANALYZER_NONNULL = YES;
				CLANG_ANALYZER_NUMBER_OBJECT_CONVERSION = YES_AGGRESSIVE;
				CLANG_CXX_LANGUAGE_STANDARD = "gnu++14";
				CLANG_CXX_LIBRARY = "libc++";
				CLANG_ENABLE_MODULES = YES;
				CLANG_ENABLE_OBJC_ARC = YES;
				CLANG_ENABLE_OBJC_WEAK = YES;
				CLANG_WARN_BLOCK_CAPTURE_AUTORELEASING = YES;
				CLANG_WARN_BOOL_CONVERSION = YES;
				CLANG_WARN_COMMA = YES;
				CLANG_WARN_CONSTANT_CONVERSION = YES;
				CLANG_WARN_DEPRECATED_OBJC_IMPLEMENTATIONS = YES;
				CLANG_WARN_DIRECT_OBJC_ISA_USAGE = YES_ERROR;
				CLANG_WARN_DOCUMENTATION_COMMENTS = YES;
				CLANG_WARN_EMPTY_BODY = YES;
				CLANG_WARN_ENUM_CONVERSION = YES;
				CLANG_WARN_INFINITE_RECURSION = YES;
				CLANG_WARN_INT_CONVERSION = YES;
				CLANG_WARN_NON_LITERAL_NULL_CONVERSION = YES;
				CLANG_WARN_OBJC_IMPLICIT_RETAIN_SELF = YES;
				CLANG_WARN_OBJC_LITERAL_CONVERSION = YES;
				CLANG_WARN_OBJC_ROOT_CLASS = YES_ERROR;
				CLANG_WARN_QUOTED_INCLUDE_IN_FRAMEWORK_HEADER = YES;
				CLANG_WARN_RANGE_LOOP_ANALYSIS = YES;
				CLANG_WARN_STRICT_PROTOTYPES = YES;
				CLANG_WARN_SUSPICIOUS_MOVE = YES;
				CLANG_WARN_UNGUARDED_AVAILABILITY = YES_AGGRESSIVE;
				CLANG_WARN_UNREACHABLE_CODE = YES;
				CLANG_WARN__DUPLICATE_METHOD_MATCH = YES;
				COPY_PHASE_STRIP = NO;
				DEBUG_INFORMATION_FORMAT = "dwarf-with-dsym";
				ENABLE_NS_ASSERTIONS = NO;
				ENABLE_STRICT_OBJC_MSGSEND = YES;
				GCC_C_LANGUAGE_STANDARD = gnu11;
				GCC_NO_COMMON_BLOCKS = YES;
				GCC_WARN_64_TO_32_BIT_CONVERSION = YES;
				GCC_WARN_ABOUT_RETURN_TYPE = YES_ERROR;
				GCC_WARN_UNDECLARED_SELECTOR = YES;
				GCC_WARN_UNINITIALIZED_AUTOS = YES_AGGRESSIVE;
				GCC_WARN_UNUSED_FUNCTION = YES;
				GCC_WARN_UNUSED_VARIABLE = YES;
				IPHONEOS_DEPLOYMENT_TARGET = 14.3;
				MTL_ENABLE_DEBUG_INFO = NO;
				MTL_FAST_MATH = YES;
				SDKROOT = iphoneos;
				SWIFT_COMPILATION_MODE = wholemodule;
				SWIFT_OPTIMIZATION_LEVEL = "-O";
				VALIDATE_PRODUCT = YES;
			};
			name = Release;
		};
		847A748E25AB1EC200EF82D9 /* Debug */ = {
			isa = XCBuildConfiguration;
			buildSettings = {
				ASSETCATALOG_COMPILER_APPICON_NAME = AppIcon;
				ASSETCATALOG_COMPILER_GLOBAL_ACCENT_COLOR_NAME = AccentColor;
				CODE_SIGN_STYLE = Automatic;
				INFOPLIST_FILE = iSpeedo/Info.plist;
				LD_RUNPATH_SEARCH_PATHS = (
					"$(inherited)",
					"@executable_path/Frameworks",
				);
				PRODUCT_BUNDLE_IDENTIFIER = pmAbi.iSpeedo;
				PRODUCT_NAME = "$(TARGET_NAME)";
				SWIFT_VERSION = 5.0;
				TARGETED_DEVICE_FAMILY = "1,2";
			};
			name = Debug;
		};
		847A748F25AB1EC200EF82D9 /* Release */ = {
			isa = XCBuildConfiguration;
			buildSettings = {
				ASSETCATALOG_COMPILER_APPICON_NAME = AppIcon;
				ASSETCATALOG_COMPILER_GLOBAL_ACCENT_COLOR_NAME = AccentColor;
				CODE_SIGN_STYLE = Automatic;
				INFOPLIST_FILE = iSpeedo/Info.plist;
				LD_RUNPATH_SEARCH_PATHS = (
					"$(inherited)",
					"@executable_path/Frameworks",
				);
				PRODUCT_BUNDLE_IDENTIFIER = pmAbi.iSpeedo;
				PRODUCT_NAME = "$(TARGET_NAME)";
				SWIFT_VERSION = 5.0;
				TARGETED_DEVICE_FAMILY = "1,2";
			};
			name = Release;
		};
		847A749125AB1EC200EF82D9 /* Debug */ = {
			isa = XCBuildConfiguration;
			buildSettings = {
				ALWAYS_EMBED_SWIFT_STANDARD_LIBRARIES = YES;
				BUNDLE_LOADER = "$(TEST_HOST)";
				CODE_SIGN_STYLE = Automatic;
				INFOPLIST_FILE = iSpeedoTests/Info.plist;
				IPHONEOS_DEPLOYMENT_TARGET = 14.3;
				LD_RUNPATH_SEARCH_PATHS = (
					"$(inherited)",
					"@executable_path/Frameworks",
					"@loader_path/Frameworks",
				);
				PRODUCT_BUNDLE_IDENTIFIER = pmAbi.iSpeedoTests;
				PRODUCT_NAME = "$(TARGET_NAME)";
				SWIFT_VERSION = 5.0;
				TARGETED_DEVICE_FAMILY = "1,2";
				TEST_HOST = "$(BUILT_PRODUCTS_DIR)/iSpeedo.app/iSpeedo";
			};
			name = Debug;
		};
		847A749225AB1EC200EF82D9 /* Release */ = {
			isa = XCBuildConfiguration;
			buildSettings = {
				ALWAYS_EMBED_SWIFT_STANDARD_LIBRARIES = YES;
				BUNDLE_LOADER = "$(TEST_HOST)";
				CODE_SIGN_STYLE = Automatic;
				INFOPLIST_FILE = iSpeedoTests/Info.plist;
				IPHONEOS_DEPLOYMENT_TARGET = 14.3;
				LD_RUNPATH_SEARCH_PATHS = (
					"$(inherited)",
					"@executable_path/Frameworks",
					"@loader_path/Frameworks",
				);
				PRODUCT_BUNDLE_IDENTIFIER = pmAbi.iSpeedoTests;
				PRODUCT_NAME = "$(TARGET_NAME)";
				SWIFT_VERSION = 5.0;
				TARGETED_DEVICE_FAMILY = "1,2";
				TEST_HOST = "$(BUILT_PRODUCTS_DIR)/iSpeedo.app/iSpeedo";
			};
			name = Release;
		};
		847A749425AB1EC200EF82D9 /* Debug */ = {
			isa = XCBuildConfiguration;
			buildSettings = {
				ALWAYS_EMBED_SWIFT_STANDARD_LIBRARIES = YES;
				CODE_SIGN_STYLE = Automatic;
				INFOPLIST_FILE = iSpeedoUITests/Info.plist;
				LD_RUNPATH_SEARCH_PATHS = (
					"$(inherited)",
					"@executable_path/Frameworks",
					"@loader_path/Frameworks",
				);
				PRODUCT_BUNDLE_IDENTIFIER = pmAbi.iSpeedoUITests;
				PRODUCT_NAME = "$(TARGET_NAME)";
				SWIFT_VERSION = 5.0;
				TARGETED_DEVICE_FAMILY = "1,2";
				TEST_TARGET_NAME = iSpeedo;
			};
			name = Debug;
		};
		847A749525AB1EC200EF82D9 /* Release */ = {
			isa = XCBuildConfiguration;
			buildSettings = {
				ALWAYS_EMBED_SWIFT_STANDARD_LIBRARIES = YES;
				CODE_SIGN_STYLE = Automatic;
				INFOPLIST_FILE = iSpeedoUITests/Info.plist;
				LD_RUNPATH_SEARCH_PATHS = (
					"$(inherited)",
					"@executable_path/Frameworks",
					"@loader_path/Frameworks",
				);
				PRODUCT_BUNDLE_IDENTIFIER = pmAbi.iSpeedoUITests;
				PRODUCT_NAME = "$(TARGET_NAME)";
				SWIFT_VERSION = 5.0;
				TARGETED_DEVICE_FAMILY = "1,2";
				TEST_TARGET_NAME = iSpeedo;
			};
			name = Release;
		};
/* End XCBuildConfiguration section */

/* Begin XCConfigurationList section */
		847A745B25AB1EC000EF82D9 /* Build configuration list for PBXProject "iSpeedo" */ = {
			isa = XCConfigurationList;
			buildConfigurations = (
				847A748B25AB1EC200EF82D9 /* Debug */,
				847A748C25AB1EC200EF82D9 /* Release */,
			);
			defaultConfigurationIsVisible = 0;
			defaultConfigurationName = Release;
		};
		847A748D25AB1EC200EF82D9 /* Build configuration list for PBXNativeTarget "iSpeedo" */ = {
			isa = XCConfigurationList;
			buildConfigurations = (
				847A748E25AB1EC200EF82D9 /* Debug */,
				847A748F25AB1EC200EF82D9 /* Release */,
			);
			defaultConfigurationIsVisible = 0;
			defaultConfigurationName = Release;
		};
		847A749025AB1EC200EF82D9 /* Build configuration list for PBXNativeTarget "iSpeedoTests" */ = {
			isa = XCConfigurationList;
			buildConfigurations = (
				847A749125AB1EC200EF82D9 /* Debug */,
				847A749225AB1EC200EF82D9 /* Release */,
			);
			defaultConfigurationIsVisible = 0;
			defaultConfigurationName = Release;
		};
		847A749325AB1EC200EF82D9 /* Build configuration list for PBXNativeTarget "iSpeedoUITests" */ = {
			isa = XCConfigurationList;
			buildConfigurations = (
				847A749425AB1EC200EF82D9 /* Debug */,
				847A749525AB1EC200EF82D9 /* Release */,
			);
			defaultConfigurationIsVisible = 0;
			defaultConfigurationName = Release;
		};
/* End XCConfigurationList section */

/* Begin XCVersionGroup section */
		847A746C25AB1EC000EF82D9 /* iSpeedo.xcdatamodeld */ = {
			isa = XCVersionGroup;
			children = (
				847A746D25AB1EC000EF82D9 /* iSpeedo.xcdatamodel */,
			);
			currentVersion = 847A746D25AB1EC000EF82D9 /* iSpeedo.xcdatamodel */;
			path = iSpeedo.xcdatamodeld;
			sourceTree = "<group>";
			versionGroupType = wrapper.xcdatamodel;
		};
/* End XCVersionGroup section */
	};
	rootObject = 847A745825AB1EC000EF82D9 /* Project object */;
}
